
Microsoft Visual Studio Solution File, Format Version 12.00
# Visual Studio 14
VisualStudioVersion = 14.0.25420.1
MinimumVisualStudioVersion = 10.0.40219.1
Project("{FAE04EC0-301F-11D3-BF4B-00C04F79EFBC}") = "ListViewSort.Droid", "ListViewSort\ListViewSort.Droid\ListViewSort.Droid.csproj", "{05E1B2DF-7811-44AB-A79D-1FBF5162E304}"
EndProject
Project("{FAE04EC0-301F-11D3-BF4B-00C04F79EFBC}") = "ListViewSort.iOS", "ListViewSort\ListViewSort.iOS\ListViewSort.iOS.csproj", "{AF6AEA3D-146B-4949-BA55-DC83A7400F55}"
EndProject
Project("{FAE04EC0-301F-11D3-BF4B-00C04F79EFBC}") = "ListViewSort.WinPhone", "ListViewSort\ListViewSort.WinPhone\ListViewSort.WinPhone.csproj", "{C31D2259-1AE9-40DE-B35E-775B2F688A90}"
EndProject
Project("{FAE04EC0-301F-11D3-BF4B-00C04F79EFBC}") = "ListViewSort.UWP", "ListViewSort\ListViewSort.UWP\ListViewSort.UWP.csproj", "{037CD3E2-EC16-4FEF-90B0-0DB9F2CAEDC6}"
EndProject
Project("{FAE04EC0-301F-11D3-BF4B-00C04F79EFBC}") = "ListViewSort.Windows", "ListViewSort\ListViewSort.Windows\ListViewSort.Windows.csproj", "{738871F0-A998-4F51-A3DE-3D7B5F04D956}"
EndProject
Project("{FAE04EC0-301F-11D3-BF4B-00C04F79EFBC}") = "ListViewSort", "ListViewSort\ListViewSort\ListViewSort.csproj", "{3FBAA4A1-9A9C-41E4-88DF-F86E3528CDCA}"
EndProject
Global
	GlobalSection(SolutionConfigurationPlatforms) = preSolution
		Ad-Hoc|Any CPU = Ad-Hoc|Any CPU
		Ad-Hoc|ARM = Ad-Hoc|ARM
		Ad-Hoc|iPhone = Ad-Hoc|iPhone
		Ad-Hoc|iPhoneSimulator = Ad-Hoc|iPhoneSimulator
		Ad-Hoc|x64 = Ad-Hoc|x64
		Ad-Hoc|x86 = Ad-Hoc|x86
		AppStore|Any CPU = AppStore|Any CPU
		AppStore|ARM = AppStore|ARM
		AppStore|iPhone = AppStore|iPhone
		AppStore|iPhoneSimulator = AppStore|iPhoneSimulator
		AppStore|x64 = AppStore|x64
		AppStore|x86 = AppStore|x86
		Debug|Any CPU = Debug|Any CPU
		Debug|ARM = Debug|ARM
		Debug|iPhone = Debug|iPhone
		Debug|iPhoneSimulator = Debug|iPhoneSimulator
		Debug|x64 = Debug|x64
		Debug|x86 = Debug|x86
		Release|Any CPU = Release|Any CPU
		Release|ARM = Release|ARM
		Release|iPhone = Release|iPhone
		Release|iPhoneSimulator = Release|iPhoneSimulator
		Release|x64 = Release|x64
		Release|x86 = Release|x86
	EndGlobalSection
	GlobalSection(ProjectConfigurationPlatforms) = postSolution
		{05E1B2DF-7811-44AB-A79D-1FBF5162E304}.Ad-Hoc|Any CPU.ActiveCfg = Release|Any CPU
		{05E1B2DF-7811-44AB-A79D-1FBF5162E304}.Ad-Hoc|Any CPU.Build.0 = Release|Any CPU
		{05E1B2DF-7811-44AB-A79D-1FBF5162E304}.Ad-Hoc|Any CPU.Deploy.0 = Release|Any CPU
		{05E1B2DF-7811-44AB-A79D-1FBF5162E304}.Ad-Hoc|ARM.ActiveCfg = Release|Any CPU
		{05E1B2DF-7811-44AB-A79D-1FBF5162E304}.Ad-Hoc|ARM.Build.0 = Release|Any CPU
		{05E1B2DF-7811-44AB-A79D-1FBF5162E304}.Ad-Hoc|ARM.Deploy.0 = Release|Any CPU
		{05E1B2DF-7811-44AB-A79D-1FBF5162E304}.Ad-Hoc|iPhone.ActiveCfg = Release|Any CPU
		{05E1B2DF-7811-44AB-A79D-1FBF5162E304}.Ad-Hoc|iPhone.Build.0 = Release|Any CPU
		{05E1B2DF-7811-44AB-A79D-1FBF5162E304}.Ad-Hoc|iPhone.Deploy.0 = Release|Any CPU
		{05E1B2DF-7811-44AB-A79D-1FBF5162E304}.Ad-Hoc|iPhoneSimulator.ActiveCfg = Release|Any CPU
		{05E1B2DF-7811-44AB-A79D-1FBF5162E304}.Ad-Hoc|iPhoneSimulator.Build.0 = Release|Any CPU
		{05E1B2DF-7811-44AB-A79D-1FBF5162E304}.Ad-Hoc|iPhoneSimulator.Deploy.0 = Release|Any CPU
		{05E1B2DF-7811-44AB-A79D-1FBF5162E304}.Ad-Hoc|x64.ActiveCfg = Release|Any CPU
		{05E1B2DF-7811-44AB-A79D-1FBF5162E304}.Ad-Hoc|x64.Build.0 = Release|Any CPU
		{05E1B2DF-7811-44AB-A79D-1FBF5162E304}.Ad-Hoc|x64.Deploy.0 = Release|Any CPU
		{05E1B2DF-7811-44AB-A79D-1FBF5162E304}.Ad-Hoc|x86.ActiveCfg = Release|Any CPU
		{05E1B2DF-7811-44AB-A79D-1FBF5162E304}.Ad-Hoc|x86.Build.0 = Release|Any CPU
		{05E1B2DF-7811-44AB-A79D-1FBF5162E304}.Ad-Hoc|x86.Deploy.0 = Release|Any CPU
		{05E1B2DF-7811-44AB-A79D-1FBF5162E304}.AppStore|Any CPU.ActiveCfg = Release|Any CPU
		{05E1B2DF-7811-44AB-A79D-1FBF5162E304}.AppStore|Any CPU.Build.0 = Release|Any CPU
		{05E1B2DF-7811-44AB-A79D-1FBF5162E304}.AppStore|Any CPU.Deploy.0 = Release|Any CPU
		{05E1B2DF-7811-44AB-A79D-1FBF5162E304}.AppStore|ARM.ActiveCfg = Release|Any CPU
		{05E1B2DF-7811-44AB-A79D-1FBF5162E304}.AppStore|ARM.Build.0 = Release|Any CPU
		{05E1B2DF-7811-44AB-A79D-1FBF5162E304}.AppStore|ARM.Deploy.0 = Release|Any CPU
		{05E1B2DF-7811-44AB-A79D-1FBF5162E304}.AppStore|iPhone.ActiveCfg = Release|Any CPU
		{05E1B2DF-7811-44AB-A79D-1FBF5162E304}.AppStore|iPhone.Build.0 = Release|Any CPU
		{05E1B2DF-7811-44AB-A79D-1FBF5162E304}.AppStore|iPhone.Deploy.0 = Release|Any CPU
		{05E1B2DF-7811-44AB-A79D-1FBF5162E304}.AppStore|iPhoneSimulator.ActiveCfg = Release|Any CPU
		{05E1B2DF-7811-44AB-A79D-1FBF5162E304}.AppStore|iPhoneSimulator.Build.0 = Release|Any CPU
		{05E1B2DF-7811-44AB-A79D-1FBF5162E304}.AppStore|iPhoneSimulator.Deploy.0 = Release|Any CPU
		{05E1B2DF-7811-44AB-A79D-1FBF5162E304}.AppStore|x64.ActiveCfg = Release|Any CPU
		{05E1B2DF-7811-44AB-A79D-1FBF5162E304}.AppStore|x64.Build.0 = Release|Any CPU
		{05E1B2DF-7811-44AB-A79D-1FBF5162E304}.AppStore|x64.Deploy.0 = Release|Any CPU
		{05E1B2DF-7811-44AB-A79D-1FBF5162E304}.AppStore|x86.ActiveCfg = Release|Any CPU
		{05E1B2DF-7811-44AB-A79D-1FBF5162E304}.AppStore|x86.Build.0 = Release|Any CPU
		{05E1B2DF-7811-44AB-A79D-1FBF5162E304}.AppStore|x86.Deploy.0 = Release|Any CPU
		{05E1B2DF-7811-44AB-A79D-1FBF5162E304}.Debug|Any CPU.ActiveCfg = Debug|Any CPU
		{05E1B2DF-7811-44AB-A79D-1FBF5162E304}.Debug|Any CPU.Build.0 = Debug|Any CPU
		{05E1B2DF-7811-44AB-A79D-1FBF5162E304}.Debug|Any CPU.Deploy.0 = Debug|Any CPU
		{05E1B2DF-7811-44AB-A79D-1FBF5162E304}.Debug|ARM.ActiveCfg = Debug|Any CPU
		{05E1B2DF-7811-44AB-A79D-1FBF5162E304}.Debug|ARM.Build.0 = Debug|Any CPU
		{05E1B2DF-7811-44AB-A79D-1FBF5162E304}.Debug|ARM.Deploy.0 = Debug|Any CPU
		{05E1B2DF-7811-44AB-A79D-1FBF5162E304}.Debug|iPhone.ActiveCfg = Debug|Any CPU
		{05E1B2DF-7811-44AB-A79D-1FBF5162E304}.Debug|iPhone.Build.0 = Debug|Any CPU
		{05E1B2DF-7811-44AB-A79D-1FBF5162E304}.Debug|iPhone.Deploy.0 = Debug|Any CPU
		{05E1B2DF-7811-44AB-A79D-1FBF5162E304}.Debug|iPhoneSimulator.ActiveCfg = Debug|Any CPU
		{05E1B2DF-7811-44AB-A79D-1FBF5162E304}.Debug|iPhoneSimulator.Build.0 = Debug|Any CPU
		{05E1B2DF-7811-44AB-A79D-1FBF5162E304}.Debug|iPhoneSimulator.Deploy.0 = Debug|Any CPU
		{05E1B2DF-7811-44AB-A79D-1FBF5162E304}.Debug|x64.ActiveCfg = Debug|Any CPU
		{05E1B2DF-7811-44AB-A79D-1FBF5162E304}.Debug|x64.Build.0 = Debug|Any CPU
		{05E1B2DF-7811-44AB-A79D-1FBF5162E304}.Debug|x64.Deploy.0 = Debug|Any CPU
		{05E1B2DF-7811-44AB-A79D-1FBF5162E304}.Debug|x86.ActiveCfg = Debug|Any CPU
		{05E1B2DF-7811-44AB-A79D-1FBF5162E304}.Debug|x86.Build.0 = Debug|Any CPU
		{05E1B2DF-7811-44AB-A79D-1FBF5162E304}.Debug|x86.Deploy.0 = Debug|Any CPU
		{05E1B2DF-7811-44AB-A79D-1FBF5162E304}.Release|Any CPU.ActiveCfg = Release|Any CPU
		{05E1B2DF-7811-44AB-A79D-1FBF5162E304}.Release|Any CPU.Build.0 = Release|Any CPU
		{05E1B2DF-7811-44AB-A79D-1FBF5162E304}.Release|Any CPU.Deploy.0 = Release|Any CPU
		{05E1B2DF-7811-44AB-A79D-1FBF5162E304}.Release|ARM.ActiveCfg = Release|Any CPU
		{05E1B2DF-7811-44AB-A79D-1FBF5162E304}.Release|ARM.Build.0 = Release|Any CPU
		{05E1B2DF-7811-44AB-A79D-1FBF5162E304}.Release|ARM.Deploy.0 = Release|Any CPU
		{05E1B2DF-7811-44AB-A79D-1FBF5162E304}.Release|iPhone.ActiveCfg = Release|Any CPU
		{05E1B2DF-7811-44AB-A79D-1FBF5162E304}.Release|iPhone.Build.0 = Release|Any CPU
		{05E1B2DF-7811-44AB-A79D-1FBF5162E304}.Release|iPhone.Deploy.0 = Release|Any CPU
		{05E1B2DF-7811-44AB-A79D-1FBF5162E304}.Release|iPhoneSimulator.ActiveCfg = Release|Any CPU
		{05E1B2DF-7811-44AB-A79D-1FBF5162E304}.Release|iPhoneSimulator.Build.0 = Release|Any CPU
		{05E1B2DF-7811-44AB-A79D-1FBF5162E304}.Release|iPhoneSimulator.Deploy.0 = Release|Any CPU
		{05E1B2DF-7811-44AB-A79D-1FBF5162E304}.Release|x64.ActiveCfg = Release|Any CPU
		{05E1B2DF-7811-44AB-A79D-1FBF5162E304}.Release|x64.Build.0 = Release|Any CPU
		{05E1B2DF-7811-44AB-A79D-1FBF5162E304}.Release|x64.Deploy.0 = Release|Any CPU
		{05E1B2DF-7811-44AB-A79D-1FBF5162E304}.Release|x86.ActiveCfg = Release|Any CPU
		{05E1B2DF-7811-44AB-A79D-1FBF5162E304}.Release|x86.Build.0 = Release|Any CPU
		{05E1B2DF-7811-44AB-A79D-1FBF5162E304}.Release|x86.Deploy.0 = Release|Any CPU
		{AF6AEA3D-146B-4949-BA55-DC83A7400F55}.Ad-Hoc|Any CPU.ActiveCfg = Ad-Hoc|iPhone
		{AF6AEA3D-146B-4949-BA55-DC83A7400F55}.Ad-Hoc|ARM.ActiveCfg = Ad-Hoc|iPhone
		{AF6AEA3D-146B-4949-BA55-DC83A7400F55}.Ad-Hoc|iPhone.ActiveCfg = Ad-Hoc|iPhone
		{AF6AEA3D-146B-4949-BA55-DC83A7400F55}.Ad-Hoc|iPhone.Build.0 = Ad-Hoc|iPhone
		{AF6AEA3D-146B-4949-BA55-DC83A7400F55}.Ad-Hoc|iPhoneSimulator.ActiveCfg = Ad-Hoc|iPhoneSimulator
		{AF6AEA3D-146B-4949-BA55-DC83A7400F55}.Ad-Hoc|iPhoneSimulator.Build.0 = Ad-Hoc|iPhoneSimulator
		{AF6AEA3D-146B-4949-BA55-DC83A7400F55}.Ad-Hoc|x64.ActiveCfg = Ad-Hoc|iPhone
		{AF6AEA3D-146B-4949-BA55-DC83A7400F55}.Ad-Hoc|x86.ActiveCfg = Ad-Hoc|iPhone
		{AF6AEA3D-146B-4949-BA55-DC83A7400F55}.AppStore|Any CPU.ActiveCfg = AppStore|iPhone
		{AF6AEA3D-146B-4949-BA55-DC83A7400F55}.AppStore|ARM.ActiveCfg = AppStore|iPhone
		{AF6AEA3D-146B-4949-BA55-DC83A7400F55}.AppStore|iPhone.ActiveCfg = AppStore|iPhone
		{AF6AEA3D-146B-4949-BA55-DC83A7400F55}.AppStore|iPhone.Build.0 = AppStore|iPhone
		{AF6AEA3D-146B-4949-BA55-DC83A7400F55}.AppStore|iPhoneSimulator.ActiveCfg = AppStore|iPhoneSimulator
		{AF6AEA3D-146B-4949-BA55-DC83A7400F55}.AppStore|iPhoneSimulator.Build.0 = AppStore|iPhoneSimulator
		{AF6AEA3D-146B-4949-BA55-DC83A7400F55}.AppStore|x64.ActiveCfg = AppStore|iPhone
		{AF6AEA3D-146B-4949-BA55-DC83A7400F55}.AppStore|x86.ActiveCfg = AppStore|iPhone
		{AF6AEA3D-146B-4949-BA55-DC83A7400F55}.Debug|Any CPU.ActiveCfg = Debug|iPhone
		{AF6AEA3D-146B-4949-BA55-DC83A7400F55}.Debug|ARM.ActiveCfg = Debug|iPhone
		{AF6AEA3D-146B-4949-BA55-DC83A7400F55}.Debug|iPhone.ActiveCfg = Debug|iPhone
		{AF6AEA3D-146B-4949-BA55-DC83A7400F55}.Debug|iPhone.Build.0 = Debug|iPhone
		{AF6AEA3D-146B-4949-BA55-DC83A7400F55}.Debug|iPhoneSimulator.ActiveCfg = Debug|iPhoneSimulator
		{AF6AEA3D-146B-4949-BA55-DC83A7400F55}.Debug|iPhoneSimulator.Build.0 = Debug|iPhoneSimulator
		{AF6AEA3D-146B-4949-BA55-DC83A7400F55}.Debug|x64.ActiveCfg = Debug|iPhone
		{AF6AEA3D-146B-4949-BA55-DC83A7400F55}.Debug|x86.ActiveCfg = Debug|iPhone
		{AF6AEA3D-146B-4949-BA55-DC83A7400F55}.Release|Any CPU.ActiveCfg = Release|iPhone
		{AF6AEA3D-146B-4949-BA55-DC83A7400F55}.Release|ARM.ActiveCfg = Release|iPhone
		{AF6AEA3D-146B-4949-BA55-DC83A7400F55}.Release|iPhone.ActiveCfg = Release|iPhone
		{AF6AEA3D-146B-4949-BA55-DC83A7400F55}.Release|iPhone.Build.0 = Release|iPhone
		{AF6AEA3D-146B-4949-BA55-DC83A7400F55}.Release|iPhoneSimulator.ActiveCfg = Release|iPhoneSimulator
		{AF6AEA3D-146B-4949-BA55-DC83A7400F55}.Release|iPhoneSimulator.Build.0 = Release|iPhoneSimulator
		{AF6AEA3D-146B-4949-BA55-DC83A7400F55}.Release|x64.ActiveCfg = Release|iPhone
		{AF6AEA3D-146B-4949-BA55-DC83A7400F55}.Release|x86.ActiveCfg = Release|iPhone
		{C31D2259-1AE9-40DE-B35E-775B2F688A90}.Ad-Hoc|Any CPU.ActiveCfg = Release|Any CPU
		{C31D2259-1AE9-40DE-B35E-775B2F688A90}.Ad-Hoc|Any CPU.Build.0 = Release|Any CPU
		{C31D2259-1AE9-40DE-B35E-775B2F688A90}.Ad-Hoc|Any CPU.Deploy.0 = Release|Any CPU
		{C31D2259-1AE9-40DE-B35E-775B2F688A90}.Ad-Hoc|ARM.ActiveCfg = Release|ARM
		{C31D2259-1AE9-40DE-B35E-775B2F688A90}.Ad-Hoc|ARM.Build.0 = Release|ARM
		{C31D2259-1AE9-40DE-B35E-775B2F688A90}.Ad-Hoc|ARM.Deploy.0 = Release|ARM
		{C31D2259-1AE9-40DE-B35E-775B2F688A90}.Ad-Hoc|iPhone.ActiveCfg = Release|Any CPU
		{C31D2259-1AE9-40DE-B35E-775B2F688A90}.Ad-Hoc|iPhone.Build.0 = Release|Any CPU
		{C31D2259-1AE9-40DE-B35E-775B2F688A90}.Ad-Hoc|iPhone.Deploy.0 = Release|Any CPU
		{C31D2259-1AE9-40DE-B35E-775B2F688A90}.Ad-Hoc|iPhoneSimulator.ActiveCfg = Release|Any CPU
		{C31D2259-1AE9-40DE-B35E-775B2F688A90}.Ad-Hoc|iPhoneSimulator.Build.0 = Release|Any CPU
		{C31D2259-1AE9-40DE-B35E-775B2F688A90}.Ad-Hoc|iPhoneSimulator.Deploy.0 = Release|Any CPU
		{C31D2259-1AE9-40DE-B35E-775B2F688A90}.Ad-Hoc|x64.ActiveCfg = Release|Any CPU
		{C31D2259-1AE9-40DE-B35E-775B2F688A90}.Ad-Hoc|x64.Build.0 = Release|Any CPU
		{C31D2259-1AE9-40DE-B35E-775B2F688A90}.Ad-Hoc|x64.Deploy.0 = Release|Any CPU
		{C31D2259-1AE9-40DE-B35E-775B2F688A90}.Ad-Hoc|x86.ActiveCfg = Release|x86
		{C31D2259-1AE9-40DE-B35E-775B2F688A90}.Ad-Hoc|x86.Build.0 = Release|x86
		{C31D2259-1AE9-40DE-B35E-775B2F688A90}.Ad-Hoc|x86.Deploy.0 = Release|x86
		{C31D2259-1AE9-40DE-B35E-775B2F688A90}.AppStore|Any CPU.ActiveCfg = Release|Any CPU
		{C31D2259-1AE9-40DE-B35E-775B2F688A90}.AppStore|Any CPU.Build.0 = Release|Any CPU
		{C31D2259-1AE9-40DE-B35E-775B2F688A90}.AppStore|Any CPU.Deploy.0 = Release|Any CPU
		{C31D2259-1AE9-40DE-B35E-775B2F688A90}.AppStore|ARM.ActiveCfg = Release|ARM
		{C31D2259-1AE9-40DE-B35E-775B2F688A90}.AppStore|ARM.Build.0 = Release|ARM
		{C31D2259-1AE9-40DE-B35E-775B2F688A90}.AppStore|ARM.Deploy.0 = Release|ARM
		{C31D2259-1AE9-40DE-B35E-775B2F688A90}.AppStore|iPhone.ActiveCfg = Release|Any CPU
		{C31D2259-1AE9-40DE-B35E-775B2F688A90}.AppStore|iPhone.Build.0 = Release|Any CPU
		{C31D2259-1AE9-40DE-B35E-775B2F688A90}.AppStore|iPhone.Deploy.0 = Release|Any CPU
		{C31D2259-1AE9-40DE-B35E-775B2F688A90}.AppStore|iPhoneSimulator.ActiveCfg = Release|Any CPU
		{C31D2259-1AE9-40DE-B35E-775B2F688A90}.AppStore|iPhoneSimulator.Build.0 = Release|Any CPU
		{C31D2259-1AE9-40DE-B35E-775B2F688A90}.AppStore|iPhoneSimulator.Deploy.0 = Release|Any CPU
		{C31D2259-1AE9-40DE-B35E-775B2F688A90}.AppStore|x64.ActiveCfg = Release|Any CPU
		{C31D2259-1AE9-40DE-B35E-775B2F688A90}.AppStore|x64.Build.0 = Release|Any CPU
		{C31D2259-1AE9-40DE-B35E-775B2F688A90}.AppStore|x64.Deploy.0 = Release|Any CPU
		{C31D2259-1AE9-40DE-B35E-775B2F688A90}.AppStore|x86.ActiveCfg = Release|x86
		{C31D2259-1AE9-40DE-B35E-775B2F688A90}.AppStore|x86.Build.0 = Release|x86
		{C31D2259-1AE9-40DE-B35E-775B2F688A90}.AppStore|x86.Deploy.0 = Release|x86
		{C31D2259-1AE9-40DE-B35E-775B2F688A90}.Debug|Any CPU.ActiveCfg = Debug|Any CPU
		{C31D2259-1AE9-40DE-B35E-775B2F688A90}.Debug|Any CPU.Build.0 = Debug|Any CPU
		{C31D2259-1AE9-40DE-B35E-775B2F688A90}.Debug|Any CPU.Deploy.0 = Debug|Any CPU
		{C31D2259-1AE9-40DE-B35E-775B2F688A90}.Debug|ARM.ActiveCfg = Debug|ARM
		{C31D2259-1AE9-40DE-B35E-775B2F688A90}.Debug|ARM.Build.0 = Debug|ARM
		{C31D2259-1AE9-40DE-B35E-775B2F688A90}.Debug|ARM.Deploy.0 = Debug|ARM
		{C31D2259-1AE9-40DE-B35E-775B2F688A90}.Debug|iPhone.ActiveCfg = Debug|Any CPU
		{C31D2259-1AE9-40DE-B35E-775B2F688A90}.Debug|iPhone.Build.0 = Debug|Any CPU
		{C31D2259-1AE9-40DE-B35E-775B2F688A90}.Debug|iPhone.Deploy.0 = Debug|Any CPU
		{C31D2259-1AE9-40DE-B35E-775B2F688A90}.Debug|iPhoneSimulator.ActiveCfg = Debug|Any CPU
		{C31D2259-1AE9-40DE-B35E-775B2F688A90}.Debug|iPhoneSimulator.Build.0 = Debug|Any CPU
		{C31D2259-1AE9-40DE-B35E-775B2F688A90}.Debug|iPhoneSimulator.Deploy.0 = Debug|Any CPU
		{C31D2259-1AE9-40DE-B35E-775B2F688A90}.Debug|x64.ActiveCfg = Debug|Any CPU
		{C31D2259-1AE9-40DE-B35E-775B2F688A90}.Debug|x64.Build.0 = Debug|Any CPU
		{C31D2259-1AE9-40DE-B35E-775B2F688A90}.Debug|x64.Deploy.0 = Debug|Any CPU
		{C31D2259-1AE9-40DE-B35E-775B2F688A90}.Debug|x86.ActiveCfg = Debug|x86
		{C31D2259-1AE9-40DE-B35E-775B2F688A90}.Debug|x86.Build.0 = Debug|x86
		{C31D2259-1AE9-40DE-B35E-775B2F688A90}.Debug|x86.Deploy.0 = Debug|x86
		{C31D2259-1AE9-40DE-B35E-775B2F688A90}.Release|Any CPU.ActiveCfg = Release|Any CPU
		{C31D2259-1AE9-40DE-B35E-775B2F688A90}.Release|Any CPU.Build.0 = Release|Any CPU
		{C31D2259-1AE9-40DE-B35E-775B2F688A90}.Release|Any CPU.Deploy.0 = Release|Any CPU
		{C31D2259-1AE9-40DE-B35E-775B2F688A90}.Release|ARM.ActiveCfg = Release|ARM
		{C31D2259-1AE9-40DE-B35E-775B2F688A90}.Release|ARM.Build.0 = Release|ARM
		{C31D2259-1AE9-40DE-B35E-775B2F688A90}.Release|ARM.Deploy.0 = Release|ARM
		{C31D2259-1AE9-40DE-B35E-775B2F688A90}.Release|iPhone.ActiveCfg = Release|Any CPU
		{C31D2259-1AE9-40DE-B35E-775B2F688A90}.Release|iPhone.Build.0 = Release|Any CPU
		{C31D2259-1AE9-40DE-B35E-775B2F688A90}.Release|iPhone.Deploy.0 = Release|Any CPU
		{C31D2259-1AE9-40DE-B35E-775B2F688A90}.Release|iPhoneSimulator.ActiveCfg = Release|Any CPU
		{C31D2259-1AE9-40DE-B35E-775B2F688A90}.Release|iPhoneSimulator.Build.0 = Release|Any CPU
		{C31D2259-1AE9-40DE-B35E-775B2F688A90}.Release|iPhoneSimulator.Deploy.0 = Release|Any CPU
		{C31D2259-1AE9-40DE-B35E-775B2F688A90}.Release|x64.ActiveCfg = Release|Any CPU
		{C31D2259-1AE9-40DE-B35E-775B2F688A90}.Release|x64.Build.0 = Release|Any CPU
		{C31D2259-1AE9-40DE-B35E-775B2F688A90}.Release|x64.Deploy.0 = Release|Any CPU
		{C31D2259-1AE9-40DE-B35E-775B2F688A90}.Release|x86.ActiveCfg = Release|x86
		{C31D2259-1AE9-40DE-B35E-775B2F688A90}.Release|x86.Build.0 = Release|x86
		{C31D2259-1AE9-40DE-B35E-775B2F688A90}.Release|x86.Deploy.0 = Release|x86
		{037CD3E2-EC16-4FEF-90B0-0DB9F2CAEDC6}.Ad-Hoc|Any CPU.ActiveCfg = Release|x86
		{037CD3E2-EC16-4FEF-90B0-0DB9F2CAEDC6}.Ad-Hoc|Any CPU.Build.0 = Release|x86
		{037CD3E2-EC16-4FEF-90B0-0DB9F2CAEDC6}.Ad-Hoc|Any CPU.Deploy.0 = Release|x86
		{037CD3E2-EC16-4FEF-90B0-0DB9F2CAEDC6}.Ad-Hoc|ARM.ActiveCfg = Release|ARM
		{037CD3E2-EC16-4FEF-90B0-0DB9F2CAEDC6}.Ad-Hoc|ARM.Build.0 = Release|ARM
		{037CD3E2-EC16-4FEF-90B0-0DB9F2CAEDC6}.Ad-Hoc|ARM.Deploy.0 = Release|ARM
		{037CD3E2-EC16-4FEF-90B0-0DB9F2CAEDC6}.Ad-Hoc|iPhone.ActiveCfg = Release|x86
		{037CD3E2-EC16-4FEF-90B0-0DB9F2CAEDC6}.Ad-Hoc|iPhone.Build.0 = Release|x86
		{037CD3E2-EC16-4FEF-90B0-0DB9F2CAEDC6}.Ad-Hoc|iPhone.Deploy.0 = Release|x86
		{037CD3E2-EC16-4FEF-90B0-0DB9F2CAEDC6}.Ad-Hoc|iPhoneSimulator.ActiveCfg = Release|x86
		{037CD3E2-EC16-4FEF-90B0-0DB9F2CAEDC6}.Ad-Hoc|iPhoneSimulator.Build.0 = Release|x86
		{037CD3E2-EC16-4FEF-90B0-0DB9F2CAEDC6}.Ad-Hoc|iPhoneSimulator.Deploy.0 = Release|x86
		{037CD3E2-EC16-4FEF-90B0-0DB9F2CAEDC6}.Ad-Hoc|x64.ActiveCfg = Release|x64
		{037CD3E2-EC16-4FEF-90B0-0DB9F2CAEDC6}.Ad-Hoc|x64.Build.0 = Release|x64
		{037CD3E2-EC16-4FEF-90B0-0DB9F2CAEDC6}.Ad-Hoc|x64.Deploy.0 = Release|x64
		{037CD3E2-EC16-4FEF-90B0-0DB9F2CAEDC6}.Ad-Hoc|x86.ActiveCfg = Release|x86
		{037CD3E2-EC16-4FEF-90B0-0DB9F2CAEDC6}.Ad-Hoc|x86.Build.0 = Release|x86
		{037CD3E2-EC16-4FEF-90B0-0DB9F2CAEDC6}.Ad-Hoc|x86.Deploy.0 = Release|x86
		{037CD3E2-EC16-4FEF-90B0-0DB9F2CAEDC6}.AppStore|Any CPU.ActiveCfg = Release|x86
		{037CD3E2-EC16-4FEF-90B0-0DB9F2CAEDC6}.AppStore|Any CPU.Build.0 = Release|x86
		{037CD3E2-EC16-4FEF-90B0-0DB9F2CAEDC6}.AppStore|Any CPU.Deploy.0 = Release|x86
		{037CD3E2-EC16-4FEF-90B0-0DB9F2CAEDC6}.AppStore|ARM.ActiveCfg = Release|ARM
		{037CD3E2-EC16-4FEF-90B0-0DB9F2CAEDC6}.AppStore|ARM.Build.0 = Release|ARM
		{037CD3E2-EC16-4FEF-90B0-0DB9F2CAEDC6}.AppStore|ARM.Deploy.0 = Release|ARM
		{037CD3E2-EC16-4FEF-90B0-0DB9F2CAEDC6}.AppStore|iPhone.ActiveCfg = Release|x86
		{037CD3E2-EC16-4FEF-90B0-0DB9F2CAEDC6}.AppStore|iPhone.Build.0 = Release|x86
		{037CD3E2-EC16-4FEF-90B0-0DB9F2CAEDC6}.AppStore|iPhone.Deploy.0 = Release|x86
		{037CD3E2-EC16-4FEF-90B0-0DB9F2CAEDC6}.AppStore|iPhoneSimulator.ActiveCfg = Release|x86
		{037CD3E2-EC16-4FEF-90B0-0DB9F2CAEDC6}.AppStore|iPhoneSimulator.Build.0 = Release|x86
		{037CD3E2-EC16-4FEF-90B0-0DB9F2CAEDC6}.AppStore|iPhoneSimulator.Deploy.0 = Release|x86
		{037CD3E2-EC16-4FEF-90B0-0DB9F2CAEDC6}.AppStore|x64.ActiveCfg = Release|x64
		{037CD3E2-EC16-4FEF-90B0-0DB9F2CAEDC6}.AppStore|x64.Build.0 = Release|x64
		{037CD3E2-EC16-4FEF-90B0-0DB9F2CAEDC6}.AppStore|x64.Deploy.0 = Release|x64
		{037CD3E2-EC16-4FEF-90B0-0DB9F2CAEDC6}.AppStore|x86.ActiveCfg = Release|x86
		{037CD3E2-EC16-4FEF-90B0-0DB9F2CAEDC6}.AppStore|x86.Build.0 = Release|x86
		{037CD3E2-EC16-4FEF-90B0-0DB9F2CAEDC6}.AppStore|x86.Deploy.0 = Release|x86
		{037CD3E2-EC16-4FEF-90B0-0DB9F2CAEDC6}.Debug|Any CPU.ActiveCfg = Debug|x86
		{037CD3E2-EC16-4FEF-90B0-0DB9F2CAEDC6}.Debug|ARM.ActiveCfg = Debug|ARM
		{037CD3E2-EC16-4FEF-90B0-0DB9F2CAEDC6}.Debug|ARM.Build.0 = Debug|ARM
		{037CD3E2-EC16-4FEF-90B0-0DB9F2CAEDC6}.Debug|ARM.Deploy.0 = Debug|ARM
		{037CD3E2-EC16-4FEF-90B0-0DB9F2CAEDC6}.Debug|iPhone.ActiveCfg = Debug|x86
		{037CD3E2-EC16-4FEF-90B0-0DB9F2CAEDC6}.Debug|iPhoneSimulator.ActiveCfg = Debug|x86
		{037CD3E2-EC16-4FEF-90B0-0DB9F2CAEDC6}.Debug|x64.ActiveCfg = Debug|x64
		{037CD3E2-EC16-4FEF-90B0-0DB9F2CAEDC6}.Debug|x64.Build.0 = Debug|x64
		{037CD3E2-EC16-4FEF-90B0-0DB9F2CAEDC6}.Debug|x64.Deploy.0 = Debug|x64
		{037CD3E2-EC16-4FEF-90B0-0DB9F2CAEDC6}.Debug|x86.ActiveCfg = Debug|x86
		{037CD3E2-EC16-4FEF-90B0-0DB9F2CAEDC6}.Debug|x86.Build.0 = Debug|x86
		{037CD3E2-EC16-4FEF-90B0-0DB9F2CAEDC6}.Debug|x86.Deploy.0 = Debug|x86
		{037CD3E2-EC16-4FEF-90B0-0DB9F2CAEDC6}.Release|Any CPU.ActiveCfg = Release|x86
		{037CD3E2-EC16-4FEF-90B0-0DB9F2CAEDC6}.Release|ARM.ActiveCfg = Release|ARM
		{037CD3E2-EC16-4FEF-90B0-0DB9F2CAEDC6}.Release|ARM.Build.0 = Release|ARM
		{037CD3E2-EC16-4FEF-90B0-0DB9F2CAEDC6}.Release|ARM.Deploy.0 = Release|ARM
		{037CD3E2-EC16-4FEF-90B0-0DB9F2CAEDC6}.Release|iPhone.ActiveCfg = Release|x86
		{037CD3E2-EC16-4FEF-90B0-0DB9F2CAEDC6}.Release|iPhoneSimulator.ActiveCfg = Release|x86
		{037CD3E2-EC16-4FEF-90B0-0DB9F2CAEDC6}.Release|x64.ActiveCfg = Release|x64
		{037CD3E2-EC16-4FEF-90B0-0DB9F2CAEDC6}.Release|x64.Build.0 = Release|x64
		{037CD3E2-EC16-4FEF-90B0-0DB9F2CAEDC6}.Release|x64.Deploy.0 = Release|x64
		{037CD3E2-EC16-4FEF-90B0-0DB9F2CAEDC6}.Release|x86.ActiveCfg = Release|x86
		{037CD3E2-EC16-4FEF-90B0-0DB9F2CAEDC6}.Release|x86.Build.0 = Release|x86
		{037CD3E2-EC16-4FEF-90B0-0DB9F2CAEDC6}.Release|x86.Deploy.0 = Release|x86
		{738871F0-A998-4F51-A3DE-3D7B5F04D956}.Ad-Hoc|Any CPU.ActiveCfg = Release|Any CPU
		{738871F0-A998-4F51-A3DE-3D7B5F04D956}.Ad-Hoc|Any CPU.Build.0 = Release|Any CPU
		{738871F0-A998-4F51-A3DE-3D7B5F04D956}.Ad-Hoc|Any CPU.Deploy.0 = Release|Any CPU
		{738871F0-A998-4F51-A3DE-3D7B5F04D956}.Ad-Hoc|ARM.ActiveCfg = Release|ARM
		{738871F0-A998-4F51-A3DE-3D7B5F04D956}.Ad-Hoc|ARM.Build.0 = Release|ARM
		{738871F0-A998-4F51-A3DE-3D7B5F04D956}.Ad-Hoc|ARM.Deploy.0 = Release|ARM
		{738871F0-A998-4F51-A3DE-3D7B5F04D956}.Ad-Hoc|iPhone.ActiveCfg = Release|Any CPU
		{738871F0-A998-4F51-A3DE-3D7B5F04D956}.Ad-Hoc|iPhone.Build.0 = Release|Any CPU
		{738871F0-A998-4F51-A3DE-3D7B5F04D956}.Ad-Hoc|iPhone.Deploy.0 = Release|Any CPU
		{738871F0-A998-4F51-A3DE-3D7B5F04D956}.Ad-Hoc|iPhoneSimulator.ActiveCfg = Release|Any CPU
		{738871F0-A998-4F51-A3DE-3D7B5F04D956}.Ad-Hoc|iPhoneSimulator.Build.0 = Release|Any CPU
		{738871F0-A998-4F51-A3DE-3D7B5F04D956}.Ad-Hoc|iPhoneSimulator.Deploy.0 = Release|Any CPU
		{738871F0-A998-4F51-A3DE-3D7B5F04D956}.Ad-Hoc|x64.ActiveCfg = Release|x64
		{738871F0-A998-4F51-A3DE-3D7B5F04D956}.Ad-Hoc|x64.Build.0 = Release|x64
		{738871F0-A998-4F51-A3DE-3D7B5F04D956}.Ad-Hoc|x64.Deploy.0 = Release|x64
		{738871F0-A998-4F51-A3DE-3D7B5F04D956}.Ad-Hoc|x86.ActiveCfg = Release|x86
		{738871F0-A998-4F51-A3DE-3D7B5F04D956}.Ad-Hoc|x86.Build.0 = Release|x86
		{738871F0-A998-4F51-A3DE-3D7B5F04D956}.Ad-Hoc|x86.Deploy.0 = Release|x86
		{738871F0-A998-4F51-A3DE-3D7B5F04D956}.AppStore|Any CPU.ActiveCfg = Release|Any CPU
		{738871F0-A998-4F51-A3DE-3D7B5F04D956}.AppStore|Any CPU.Build.0 = Release|Any CPU
		{738871F0-A998-4F51-A3DE-3D7B5F04D956}.AppStore|Any CPU.Deploy.0 = Release|Any CPU
		{738871F0-A998-4F51-A3DE-3D7B5F04D956}.AppStore|ARM.ActiveCfg = Release|ARM
		{738871F0-A998-4F51-A3DE-3D7B5F04D956}.AppStore|ARM.Build.0 = Release|ARM
		{738871F0-A998-4F51-A3DE-3D7B5F04D956}.AppStore|ARM.Deploy.0 = Release|ARM
		{738871F0-A998-4F51-A3DE-3D7B5F04D956}.AppStore|iPhone.ActiveCfg = Release|Any CPU
		{738871F0-A998-4F51-A3DE-3D7B5F04D956}.AppStore|iPhone.Build.0 = Release|Any CPU
		{738871F0-A998-4F51-A3DE-3D7B5F04D956}.AppStore|iPhone.Deploy.0 = Release|Any CPU
		{738871F0-A998-4F51-A3DE-3D7B5F04D956}.AppStore|iPhoneSimulator.ActiveCfg = Release|Any CPU
		{738871F0-A998-4F51-A3DE-3D7B5F04D956}.AppStore|iPhoneSimulator.Build.0 = Release|Any CPU
		{738871F0-A998-4F51-A3DE-3D7B5F04D956}.AppStore|iPhoneSimulator.Deploy.0 = Release|Any CPU
		{738871F0-A998-4F51-A3DE-3D7B5F04D956}.AppStore|x64.ActiveCfg = Release|x64
		{738871F0-A998-4F51-A3DE-3D7B5F04D956}.AppStore|x64.Build.0 = Release|x64
		{738871F0-A998-4F51-A3DE-3D7B5F04D956}.AppStore|x64.Deploy.0 = Release|x64
		{738871F0-A998-4F51-A3DE-3D7B5F04D956}.AppStore|x86.ActiveCfg = Release|x86
		{738871F0-A998-4F51-A3DE-3D7B5F04D956}.AppStore|x86.Build.0 = Release|x86
		{738871F0-A998-4F51-A3DE-3D7B5F04D956}.AppStore|x86.Deploy.0 = Release|x86
		{738871F0-A998-4F51-A3DE-3D7B5F04D956}.Debug|Any CPU.ActiveCfg = Debug|Any CPU
		{738871F0-A998-4F51-A3DE-3D7B5F04D956}.Debug|Any CPU.Build.0 = Debug|Any CPU
		{738871F0-A998-4F51-A3DE-3D7B5F04D956}.Debug|Any CPU.Deploy.0 = Debug|Any CPU
		{738871F0-A998-4F51-A3DE-3D7B5F04D956}.Debug|ARM.ActiveCfg = Debug|ARM
		{738871F0-A998-4F51-A3DE-3D7B5F04D956}.Debug|ARM.Build.0 = Debug|ARM
		{738871F0-A998-4F51-A3DE-3D7B5F04D956}.Debug|ARM.Deploy.0 = Debug|ARM
		{738871F0-A998-4F51-A3DE-3D7B5F04D956}.Debug|iPhone.ActiveCfg = Debug|Any CPU
		{738871F0-A998-4F51-A3DE-3D7B5F04D956}.Debug|iPhone.Build.0 = Debug|Any CPU
		{738871F0-A998-4F51-A3DE-3D7B5F04D956}.Debug|iPhone.Deploy.0 = Debug|Any CPU
		{738871F0-A998-4F51-A3DE-3D7B5F04D956}.Debug|iPhoneSimulator.ActiveCfg = Debug|Any CPU
		{738871F0-A998-4F51-A3DE-3D7B5F04D956}.Debug|iPhoneSimulator.Build.0 = Debug|Any CPU
		{738871F0-A998-4F51-A3DE-3D7B5F04D956}.Debug|iPhoneSimulator.Deploy.0 = Debug|Any CPU
		{738871F0-A998-4F51-A3DE-3D7B5F04D956}.Debug|x64.ActiveCfg = Debug|x64
		{738871F0-A998-4F51-A3DE-3D7B5F04D956}.Debug|x64.Build.0 = Debug|x64
		{738871F0-A998-4F51-A3DE-3D7B5F04D956}.Debug|x64.Deploy.0 = Debug|x64
		{738871F0-A998-4F51-A3DE-3D7B5F04D956}.Debug|x86.ActiveCfg = Debug|x86
		{738871F0-A998-4F51-A3DE-3D7B5F04D956}.Debug|x86.Build.0 = Debug|x86
		{738871F0-A998-4F51-A3DE-3D7B5F04D956}.Debug|x86.Deploy.0 = Debug|x86
		{738871F0-A998-4F51-A3DE-3D7B5F04D956}.Release|Any CPU.ActiveCfg = Release|Any CPU
		{738871F0-A998-4F51-A3DE-3D7B5F04D956}.Release|Any CPU.Build.0 = Release|Any CPU
		{738871F0-A998-4F51-A3DE-3D7B5F04D956}.Release|Any CPU.Deploy.0 = Release|Any CPU
		{738871F0-A998-4F51-A3DE-3D7B5F04D956}.Release|ARM.ActiveCfg = Release|ARM
		{738871F0-A998-4F51-A3DE-3D7B5F04D956}.Release|ARM.Build.0 = Release|ARM
		{738871F0-A998-4F51-A3DE-3D7B5F04D956}.Release|ARM.Deploy.0 = Release|ARM
		{738871F0-A998-4F51-A3DE-3D7B5F04D956}.Release|iPhone.ActiveCfg = Release|Any CPU
		{738871F0-A998-4F51-A3DE-3D7B5F04D956}.Release|iPhone.Build.0 = Release|Any CPU
		{738871F0-A998-4F51-A3DE-3D7B5F04D956}.Release|iPhone.Deploy.0 = Release|Any CPU
		{738871F0-A998-4F51-A3DE-3D7B5F04D956}.Release|iPhoneSimulator.ActiveCfg = Release|Any CPU
		{738871F0-A998-4F51-A3DE-3D7B5F04D956}.Release|iPhoneSimulator.Build.0 = Release|Any CPU
		{738871F0-A998-4F51-A3DE-3D7B5F04D956}.Release|iPhoneSimulator.Deploy.0 = Release|Any CPU
		{738871F0-A998-4F51-A3DE-3D7B5F04D956}.Release|x64.ActiveCfg = Release|x64
		{738871F0-A998-4F51-A3DE-3D7B5F04D956}.Release|x64.Build.0 = Release|x64
		{738871F0-A998-4F51-A3DE-3D7B5F04D956}.Release|x64.Deploy.0 = Release|x64
		{738871F0-A998-4F51-A3DE-3D7B5F04D956}.Release|x86.ActiveCfg = Release|x86
		{738871F0-A998-4F51-A3DE-3D7B5F04D956}.Release|x86.Build.0 = Release|x86
		{738871F0-A998-4F51-A3DE-3D7B5F04D956}.Release|x86.Deploy.0 = Release|x86
		{3FBAA4A1-9A9C-41E4-88DF-F86E3528CDCA}.Ad-Hoc|Any CPU.ActiveCfg = Release|Any CPU
		{3FBAA4A1-9A9C-41E4-88DF-F86E3528CDCA}.Ad-Hoc|Any CPU.Build.0 = Release|Any CPU
		{3FBAA4A1-9A9C-41E4-88DF-F86E3528CDCA}.Ad-Hoc|ARM.ActiveCfg = Release|Any CPU
		{3FBAA4A1-9A9C-41E4-88DF-F86E3528CDCA}.Ad-Hoc|ARM.Build.0 = Release|Any CPU
		{3FBAA4A1-9A9C-41E4-88DF-F86E3528CDCA}.Ad-Hoc|iPhone.ActiveCfg = Release|Any CPU
		{3FBAA4A1-9A9C-41E4-88DF-F86E3528CDCA}.Ad-Hoc|iPhone.Build.0 = Release|Any CPU
		{3FBAA4A1-9A9C-41E4-88DF-F86E3528CDCA}.Ad-Hoc|iPhoneSimulator.ActiveCfg = Release|Any CPU
		{3FBAA4A1-9A9C-41E4-88DF-F86E3528CDCA}.Ad-Hoc|iPhoneSimulator.Build.0 = Release|Any CPU
		{3FBAA4A1-9A9C-41E4-88DF-F86E3528CDCA}.Ad-Hoc|x64.ActiveCfg = Release|Any CPU
		{3FBAA4A1-9A9C-41E4-88DF-F86E3528CDCA}.Ad-Hoc|x64.Build.0 = Release|Any CPU
		{3FBAA4A1-9A9C-41E4-88DF-F86E3528CDCA}.Ad-Hoc|x86.ActiveCfg = Release|Any CPU
		{3FBAA4A1-9A9C-41E4-88DF-F86E3528CDCA}.Ad-Hoc|x86.Build.0 = Release|Any CPU
		{3FBAA4A1-9A9C-41E4-88DF-F86E3528CDCA}.AppStore|Any CPU.ActiveCfg = Release|Any CPU
		{3FBAA4A1-9A9C-41E4-88DF-F86E3528CDCA}.AppStore|Any CPU.Build.0 = Release|Any CPU
		{3FBAA4A1-9A9C-41E4-88DF-F86E3528CDCA}.AppStore|ARM.ActiveCfg = Release|Any CPU
		{3FBAA4A1-9A9C-41E4-88DF-F86E3528CDCA}.AppStore|ARM.Build.0 = Release|Any CPU
		{3FBAA4A1-9A9C-41E4-88DF-F86E3528CDCA}.AppStore|iPhone.ActiveCfg = Release|Any CPU
		{3FBAA4A1-9A9C-41E4-88DF-F86E3528CDCA}.AppStore|iPhone.Build.0 = Release|Any CPU
		{3FBAA4A1-9A9C-41E4-88DF-F86E3528CDCA}.AppStore|iPhoneSimulator.ActiveCfg = Release|Any CPU
		{3FBAA4A1-9A9C-41E4-88DF-F86E3528CDCA}.AppStore|iPhoneSimulator.Build.0 = Release|Any CPU
		{3FBAA4A1-9A9C-41E4-88DF-F86E3528CDCA}.AppStore|x64.ActiveCfg = Release|Any CPU
		{3FBAA4A1-9A9C-41E4-88DF-F86E3528CDCA}.AppStore|x64.Build.0 = Release|Any CPU
		{3FBAA4A1-9A9C-41E4-88DF-F86E3528CDCA}.AppStore|x86.ActiveCfg = Release|Any CPU
		{3FBAA4A1-9A9C-41E4-88DF-F86E3528CDCA}.AppStore|x86.Build.0 = Release|Any CPU
		{3FBAA4A1-9A9C-41E4-88DF-F86E3528CDCA}.Debug|Any CPU.ActiveCfg = Debug|Any CPU
		{3FBAA4A1-9A9C-41E4-88DF-F86E3528CDCA}.Debug|Any CPU.Build.0 = Debug|Any CPU
		{3FBAA4A1-9A9C-41E4-88DF-F86E3528CDCA}.Debug|ARM.ActiveCfg = Debug|Any CPU
		{3FBAA4A1-9A9C-41E4-88DF-F86E3528CDCA}.Debug|ARM.Build.0 = Debug|Any CPU
		{3FBAA4A1-9A9C-41E4-88DF-F86E3528CDCA}.Debug|iPhone.ActiveCfg = Debug|Any CPU
		{3FBAA4A1-9A9C-41E4-88DF-F86E3528CDCA}.Debug|iPhone.Build.0 = Debug|Any CPU
		{3FBAA4A1-9A9C-41E4-88DF-F86E3528CDCA}.Debug|iPhoneSimulator.ActiveCfg = Debug|Any CPU
		{3FBAA4A1-9A9C-41E4-88DF-F86E3528CDCA}.Debug|iPhoneSimulator.Build.0 = Debug|Any CPU
		{3FBAA4A1-9A9C-41E4-88DF-F86E3528CDCA}.Debug|x64.ActiveCfg = Debug|Any CPU
		{3FBAA4A1-9A9C-41E4-88DF-F86E3528CDCA}.Debug|x64.Build.0 = Debug|Any CPU
		{3FBAA4A1-9A9C-41E4-88DF-F86E3528CDCA}.Debug|x86.ActiveCfg = Debug|Any CPU
		{3FBAA4A1-9A9C-41E4-88DF-F86E3528CDCA}.Debug|x86.Build.0 = Debug|Any CPU
		{3FBAA4A1-9A9C-41E4-88DF-F86E3528CDCA}.Release|Any CPU.ActiveCfg = Release|Any CPU
		{3FBAA4A1-9A9C-41E4-88DF-F86E3528CDCA}.Release|Any CPU.Build.0 = Release|Any CPU
		{3FBAA4A1-9A9C-41E4-88DF-F86E3528CDCA}.Release|ARM.ActiveCfg = Release|Any CPU
		{3FBAA4A1-9A9C-41E4-88DF-F86E3528CDCA}.Release|ARM.Build.0 = Release|Any CPU
		{3FBAA4A1-9A9C-41E4-88DF-F86E3528CDCA}.Release|iPhone.ActiveCfg = Release|Any CPU
		{3FBAA4A1-9A9C-41E4-88DF-F86E3528CDCA}.Release|iPhone.Build.0 = Release|Any CPU
		{3FBAA4A1-9A9C-41E4-88DF-F86E3528CDCA}.Release|iPhoneSimulator.ActiveCfg = Release|Any CPU
		{3FBAA4A1-9A9C-41E4-88DF-F86E3528CDCA}.Release|iPhoneSimulator.Build.0 = Release|Any CPU
		{3FBAA4A1-9A9C-41E4-88DF-F86E3528CDCA}.Release|x64.ActiveCfg = Release|Any CPU
		{3FBAA4A1-9A9C-41E4-88DF-F86E3528CDCA}.Release|x64.Build.0 = Release|Any CPU
		{3FBAA4A1-9A9C-41E4-88DF-F86E3528CDCA}.Release|x86.ActiveCfg = Release|Any CPU
		{3FBAA4A1-9A9C-41E4-88DF-F86E3528CDCA}.Release|x86.Build.0 = Release|Any CPU
	EndGlobalSection
	GlobalSection(SolutionProperties) = preSolution
		HideSolutionNode = FALSE
	EndGlobalSection
EndGlobal
